
Microsoft Visual Studio Solution File, Format Version 12.00
# Visual Studio Version 16
VisualStudioVersion = 16.0.30406.217
MinimumVisualStudioVersion = 10.0.40219.1
Project("{FAE04EC0-301F-11D3-BF4B-00C04F79EFBC}") = "Task_1", "HW_1\Task_1.csproj", "{F5E8610E-800A-4FD6-8792-61CCB1715467}"
EndProject
Project("{FAE04EC0-301F-11D3-BF4B-00C04F79EFBC}") = "Task_2", "Task_2\Task_2.csproj", "{B494AC70-9B5F-4C86-A256-DE51EA22DAFC}"
EndProject
Project("{FAE04EC0-301F-11D3-BF4B-00C04F79EFBC}") = "Task_3", "Task_3\Task_3.csproj", "{2EFBC8AA-1599-4B64-87F0-C4F5F1434170}"
EndProject
Project("{FAE04EC0-301F-11D3-BF4B-00C04F79EFBC}") = "Task_4", "Task_4\Task_4.csproj", "{591848F9-010C-4816-AD28-78728B4A0819}"
EndProject
Global
	GlobalSection(SolutionConfigurationPlatforms) = preSolution
		Debug|Any CPU = Debug|Any CPU
		Release|Any CPU = Release|Any CPU
	EndGlobalSection
	GlobalSection(ProjectConfigurationPlatforms) = postSolution
		{F5E8610E-800A-4FD6-8792-61CCB1715467}.Debug|Any CPU.ActiveCfg = Debug|Any CPU
		{F5E8610E-800A-4FD6-8792-61CCB1715467}.Debug|Any CPU.Build.0 = Debug|Any CPU
		{F5E8610E-800A-4FD6-8792-61CCB1715467}.Release|Any CPU.ActiveCfg = Release|Any CPU
		{F5E8610E-800A-4FD6-8792-61CCB1715467}.Release|Any CPU.Build.0 = Release|Any CPU
		{B494AC70-9B5F-4C86-A256-DE51EA22DAFC}.Debug|Any CPU.ActiveCfg = Debug|Any CPU
		{B494AC70-9B5F-4C86-A256-DE51EA22DAFC}.Debug|Any CPU.Build.0 = Debug|Any CPU
		{B494AC70-9B5F-4C86-A256-DE51EA22DAFC}.Release|Any CPU.ActiveCfg = Release|Any CPU
		{B494AC70-9B5F-4C86-A256-DE51EA22DAFC}.Release|Any CPU.Build.0 = Release|Any CPU
		{2EFBC8AA-1599-4B64-87F0-C4F5F1434170}.Debug|Any CPU.ActiveCfg = Debug|Any CPU
		{2EFBC8AA-1599-4B64-87F0-C4F5F1434170}.Debug|Any CPU.Build.0 = Debug|Any CPU
		{2EFBC8AA-1599-4B64-87F0-C4F5F1434170}.Release|Any CPU.ActiveCfg = Release|Any CPU
		{2EFBC8AA-1599-4B64-87F0-C4F5F1434170}.Release|Any CPU.Build.0 = Release|Any CPU
		{591848F9-010C-4816-AD28-78728B4A0819}.Debug|Any CPU.ActiveCfg = Debug|Any CPU
		{591848F9-010C-4816-AD28-78728B4A0819}.Debug|Any CPU.Build.0 = Debug|Any CPU
		{591848F9-010C-4816-AD28-78728B4A0819}.Release|Any CPU.ActiveCfg = Release|Any CPU
		{591848F9-010C-4816-AD28-78728B4A0819}.Release|Any CPU.Build.0 = Release|Any CPU
	EndGlobalSection
	GlobalSection(SolutionProperties) = preSolution
		HideSolutionNode = FALSE
	EndGlobalSection
	GlobalSection(ExtensibilityGlobals) = postSolution
		SolutionGuid = {C3044E9A-1F6D-4555-8132-1C55FFF835FC}
	EndGlobalSection
EndGlobal
